Microsoft Visual Studio Solution File, Format Version 11.00
# Visual Studio 2008

Project("{97DBCC05-1D42-C81F-EC6F-163C6629650D}") = "Unity_Survival_Shooter", "Assembly-CSharp.csproj", "{76C39148-19E9-33D8-5C94-234A306FCC67}"
EndProject
Project("{97DBCC05-1D42-C81F-EC6F-163C6629650D}") = "Unity_Survival_Shooter", "Assembly-CSharp-Editor.csproj", "{CE3B925C-C893-B77D-7175-CEF010A8A03D}"
EndProject
Global
	GlobalSection(SolutionConfigurationPlatforms) = preSolution
		Debug|Any CPU = Debug|Any CPU
		Release|Any CPU = Release|Any CPU
	EndGlobalSection
	GlobalSection(ProjectConfigurationPlatforms) = postSolution
		{76C39148-19E9-33D8-5C94-234A306FCC67}.Debug|Any CPU.ActiveCfg = Debug|Any CPU
		{76C39148-19E9-33D8-5C94-234A306FCC67}.Debug|Any CPU.Build.0 = Debug|Any CPU
		{76C39148-19E9-33D8-5C94-234A306FCC67}.Release|Any CPU.ActiveCfg = Release|Any CPU
		{76C39148-19E9-33D8-5C94-234A306FCC67}.Release|Any CPU.Build.0 = Release|Any CPU
		{CE3B925C-C893-B77D-7175-CEF010A8A03D}.Debug|Any CPU.ActiveCfg = Debug|Any CPU
		{CE3B925C-C893-B77D-7175-CEF010A8A03D}.Debug|Any CPU.Build.0 = Debug|Any CPU
		{CE3B925C-C893-B77D-7175-CEF010A8A03D}.Release|Any CPU.ActiveCfg = Release|Any CPU
		{CE3B925C-C893-B77D-7175-CEF010A8A03D}.Release|Any CPU.Build.0 = Release|Any CPU
	EndGlobalSection
	GlobalSection(SolutionProperties) = preSolution
		HideSolutionNode = FALSE
	EndGlobalSection
	GlobalSection(MonoDevelopProperties) = preSolution
		StartupItem = Assembly-CSharp.csproj
	EndGlobalSection
EndGlobal
